
Microsoft Visual Studio Solution File, Format Version 12.00
# Visual Studio Version 17
VisualStudioVersion = 17.10.35027.167
MinimumVisualStudioVersion = 10.0.40219.1
Project("{FAE04EC0-301F-11D3-BF4B-00C04F79EFBC}") = "BasitHesapMakinesi", "BasitHesapMakinesi\BasitHesapMakinesi.csproj", "{A49DBC79-A7B3-4B1A-9667-7F63D47CE6DE}"
EndProject
Global
	GlobalSection(SolutionConfigurationPlatforms) = preSolution
		Debug|Any CPU = Debug|Any CPU
		Release|Any CPU = Release|Any CPU
	EndGlobalSection
	GlobalSection(ProjectConfigurationPlatforms) = postSolution
		{A49DBC79-A7B3-4B1A-9667-7F63D47CE6DE}.Debug|Any CPU.ActiveCfg = Debug|Any CPU
		{A49DBC79-A7B3-4B1A-9667-7F63D47CE6DE}.Debug|Any CPU.Build.0 = Debug|Any CPU
		{A49DBC79-A7B3-4B1A-9667-7F63D47CE6DE}.Release|Any CPU.ActiveCfg = Release|Any CPU
		{A49DBC79-A7B3-4B1A-9667-7F63D47CE6DE}.Release|Any CPU.Build.0 = Release|Any CPU
	EndGlobalSection
	GlobalSection(SolutionProperties) = preSolution
		HideSolutionNode = FALSE
	EndGlobalSection
	GlobalSection(ExtensibilityGlobals) = postSolution
		SolutionGuid = {1F9D8431-52E4-4582-A553-59B4FF6609C3}
	EndGlobalSection
EndGlobal
